
Microsoft Visual Studio Solution File, Format Version 12.00
# Visual Studio Version 17
VisualStudioVersion = 17.10.35122.118
MinimumVisualStudioVersion = 10.0.40219.1
Project("{FAE04EC0-301F-11D3-BF4B-00C04F79EFBC}") = "Student Database", "Student Database.csproj", "{FB71AF20-1C53-4A1F-8B4A-1BD29DCB79AE}"
EndProject
Global
	GlobalSection(SolutionConfigurationPlatforms) = preSolution
		Debug|Any CPU = Debug|Any CPU
		Release|Any CPU = Release|Any CPU
	EndGlobalSection
	GlobalSection(ProjectConfigurationPlatforms) = postSolution
		{FB71AF20-1C53-4A1F-8B4A-1BD29DCB79AE}.Debug|Any CPU.ActiveCfg = Debug|Any CPU
		{FB71AF20-1C53-4A1F-8B4A-1BD29DCB79AE}.Debug|Any CPU.Build.0 = Debug|Any CPU
		{FB71AF20-1C53-4A1F-8B4A-1BD29DCB79AE}.Release|Any CPU.ActiveCfg = Release|Any CPU
		{FB71AF20-1C53-4A1F-8B4A-1BD29DCB79AE}.Release|Any CPU.Build.0 = Release|Any CPU
	EndGlobalSection
	GlobalSection(SolutionProperties) = preSolution
		HideSolutionNode = FALSE
	EndGlobalSection
	GlobalSection(ExtensibilityGlobals) = postSolution
		SolutionGuid = {FC36CF14-711D-4DD1-8740-C1757833545B}
	EndGlobalSection
EndGlobal
